
Microsoft Visual Studio Solution File, Format Version 12.00
# Visual Studio Version 17
VisualStudioVersion = 17.12.35521.163
MinimumVisualStudioVersion = 10.0.40219.1
Project("{2150E333-8FDC-42A3-9474-1A3956D46DE8}") = "Local Process", "Local Process", "{5152BD62-9343-41C1-A008-0AE2A4514114}"
EndProject
Project("{2150E333-8FDC-42A3-9474-1A3956D46DE8}") = "Remote Process", "Remote Process", "{269CB137-AECD-412D-A16A-D27848560584}"
EndProject
Project("{8BC9CEB8-8B4A-11D0-8D11-00A0C91BC942}") = "Function Pointer", "Injection Methods\Local Process\Function Pointer\data\FunctionPointer.vcxproj", "{3CBF126D-41D0-4AC9-AD1F-FD5177E61D35}"
EndProject
Project("{8BC9CEB8-8B4A-11D0-8D11-00A0C91BC942}") = "CreateThread", "Injection Methods\Local Process\CreateThread\data\CreateThread.vcxproj", "{182E5CCF-45F5-4209-B1CD-54F5374AE93F}"
EndProject
Project("{2150E333-8FDC-42A3-9474-1A3956D46DE8}") = "Thread Hijacking", "Thread Hijacking", "{BBD1FF34-E4B6-45A0-AF67-EEB188AE1957}"
EndProject
Project("{8BC9CEB8-8B4A-11D0-8D11-00A0C91BC942}") = "Creation", "Injection Methods\Local Process\Thread Hijacking\Creation\data\Creation.vcxproj", "{7F7E5A58-900D-4E1A-AE01-EEB57EB51CD6}"
EndProject
Project("{8BC9CEB8-8B4A-11D0-8D11-00A0C91BC942}") = "Enumeration", "Injection Methods\Local Process\Thread Hijacking\Enumeration\data\Enumeration.vcxproj", "{AF2BC9AC-10CB-43F0-80FC-36C72C791B25}"
EndProject
Project("{2150E333-8FDC-42A3-9474-1A3956D46DE8}") = "Asynchronous Procedure Calls", "Asynchronous Procedure Calls", "{08DFF86B-19D7-4EDD-9A48-C8348D02D838}"
EndProject
Project("{8BC9CEB8-8B4A-11D0-8D11-00A0C91BC942}") = "Null Entry Thread", "Injection Methods\Local Process\Asynchronous Procedure Calls\Null Entry Thread\data\Null Entry Thread.vcxproj", "{C3FB25FD-61EE-4C59-92E4-E1872BBB4E3D}"
EndProject
Project("{8BC9CEB8-8B4A-11D0-8D11-00A0C91BC942}") = "Alertable Thread", "Injection Methods\Local Process\Asynchronous Procedure Calls\Alertable Thread\data\Alertable Thread.vcxproj", "{6060707A-4D2F-45EA-B26F-B3F69A92252F}"
EndProject
Project("{8BC9CEB8-8B4A-11D0-8D11-00A0C91BC942}") = "CreateRemoteThread", "Injection Methods\Remote Process\CreateRemoteThread\data\CreateRemoteThread.vcxproj", "{FBD5CA88-0DFC-4D26-9662-82E84A1620B5}"
EndProject
Project("{8BC9CEB8-8B4A-11D0-8D11-00A0C91BC942}") = "Fibers", "Injection Methods\Local Process\Fibers\data\Fibers.vcxproj", "{D91FDA76-BD2C-43BD-9CCB-62CB1BE80BFB}"
EndProject
Project("{8BC9CEB8-8B4A-11D0-8D11-00A0C91BC942}") = "Threadless", "Injection Methods\Local Process\Threadless Function Hook\data\Threadless.vcxproj", "{350010B5-E1DC-467D-ADEC-086A0C6376FA}"
EndProject
Project("{8BC9CEB8-8B4A-11D0-8D11-00A0C91BC942}") = "Threadless-Remote-Function-Hook", "Injection Methods\Remote Process\Threadless-Remote-Function-Hook\data\Threadless-Remote-Function-Hook.vcxproj", "{8718E108-9CDD-4316-8E9F-DC1027FE456D}"
EndProject
Global
	GlobalSection(SolutionConfigurationPlatforms) = preSolution
		Release|x64 = Release|x64
		Release|x86 = Release|x86
	EndGlobalSection
	GlobalSection(ProjectConfigurationPlatforms) = postSolution
		{3CBF126D-41D0-4AC9-AD1F-FD5177E61D35}.Release|x64.ActiveCfg = Release|x64
		{3CBF126D-41D0-4AC9-AD1F-FD5177E61D35}.Release|x64.Build.0 = Release|x64
		{3CBF126D-41D0-4AC9-AD1F-FD5177E61D35}.Release|x86.ActiveCfg = Release|Win32
		{3CBF126D-41D0-4AC9-AD1F-FD5177E61D35}.Release|x86.Build.0 = Release|Win32
		{182E5CCF-45F5-4209-B1CD-54F5374AE93F}.Release|x64.ActiveCfg = Release|x64
		{182E5CCF-45F5-4209-B1CD-54F5374AE93F}.Release|x64.Build.0 = Release|x64
		{182E5CCF-45F5-4209-B1CD-54F5374AE93F}.Release|x86.ActiveCfg = Release|Win32
		{182E5CCF-45F5-4209-B1CD-54F5374AE93F}.Release|x86.Build.0 = Release|Win32
		{7F7E5A58-900D-4E1A-AE01-EEB57EB51CD6}.Release|x64.ActiveCfg = Release|x64
		{7F7E5A58-900D-4E1A-AE01-EEB57EB51CD6}.Release|x64.Build.0 = Release|x64
		{7F7E5A58-900D-4E1A-AE01-EEB57EB51CD6}.Release|x86.ActiveCfg = Release|Win32
		{7F7E5A58-900D-4E1A-AE01-EEB57EB51CD6}.Release|x86.Build.0 = Release|Win32
		{AF2BC9AC-10CB-43F0-80FC-36C72C791B25}.Release|x64.ActiveCfg = Release|x64
		{AF2BC9AC-10CB-43F0-80FC-36C72C791B25}.Release|x64.Build.0 = Release|x64
		{AF2BC9AC-10CB-43F0-80FC-36C72C791B25}.Release|x86.ActiveCfg = Release|Win32
		{AF2BC9AC-10CB-43F0-80FC-36C72C791B25}.Release|x86.Build.0 = Release|Win32
		{C3FB25FD-61EE-4C59-92E4-E1872BBB4E3D}.Release|x64.ActiveCfg = Release|x64
		{C3FB25FD-61EE-4C59-92E4-E1872BBB4E3D}.Release|x64.Build.0 = Release|x64
		{C3FB25FD-61EE-4C59-92E4-E1872BBB4E3D}.Release|x86.ActiveCfg = Release|Win32
		{C3FB25FD-61EE-4C59-92E4-E1872BBB4E3D}.Release|x86.Build.0 = Release|Win32
		{6060707A-4D2F-45EA-B26F-B3F69A92252F}.Release|x64.ActiveCfg = Release|x64
		{6060707A-4D2F-45EA-B26F-B3F69A92252F}.Release|x64.Build.0 = Release|x64
		{6060707A-4D2F-45EA-B26F-B3F69A92252F}.Release|x86.ActiveCfg = Release|Win32
		{6060707A-4D2F-45EA-B26F-B3F69A92252F}.Release|x86.Build.0 = Release|Win32
		{FBD5CA88-0DFC-4D26-9662-82E84A1620B5}.Release|x64.ActiveCfg = Release|x64
		{FBD5CA88-0DFC-4D26-9662-82E84A1620B5}.Release|x64.Build.0 = Release|x64
		{FBD5CA88-0DFC-4D26-9662-82E84A1620B5}.Release|x86.ActiveCfg = Release|Win32
		{FBD5CA88-0DFC-4D26-9662-82E84A1620B5}.Release|x86.Build.0 = Release|Win32
		{D91FDA76-BD2C-43BD-9CCB-62CB1BE80BFB}.Release|x64.ActiveCfg = Release|x64
		{D91FDA76-BD2C-43BD-9CCB-62CB1BE80BFB}.Release|x64.Build.0 = Release|x64
		{D91FDA76-BD2C-43BD-9CCB-62CB1BE80BFB}.Release|x86.ActiveCfg = Release|Win32
		{D91FDA76-BD2C-43BD-9CCB-62CB1BE80BFB}.Release|x86.Build.0 = Release|Win32
		{350010B5-E1DC-467D-ADEC-086A0C6376FA}.Release|x64.ActiveCfg = Release|x64
		{350010B5-E1DC-467D-ADEC-086A0C6376FA}.Release|x64.Build.0 = Release|x64
		{350010B5-E1DC-467D-ADEC-086A0C6376FA}.Release|x86.ActiveCfg = Release|Win32
		{350010B5-E1DC-467D-ADEC-086A0C6376FA}.Release|x86.Build.0 = Release|Win32
		{8718E108-9CDD-4316-8E9F-DC1027FE456D}.Release|x64.ActiveCfg = Release|x64
		{8718E108-9CDD-4316-8E9F-DC1027FE456D}.Release|x64.Build.0 = Release|x64
		{8718E108-9CDD-4316-8E9F-DC1027FE456D}.Release|x86.ActiveCfg = Release|Win32
		{8718E108-9CDD-4316-8E9F-DC1027FE456D}.Release|x86.Build.0 = Release|Win32
	EndGlobalSection
	GlobalSection(SolutionProperties) = preSolution
		HideSolutionNode = FALSE
	EndGlobalSection
	GlobalSection(NestedProjects) = preSolution
		{3CBF126D-41D0-4AC9-AD1F-FD5177E61D35} = {5152BD62-9343-41C1-A008-0AE2A4514114}
		{182E5CCF-45F5-4209-B1CD-54F5374AE93F} = {5152BD62-9343-41C1-A008-0AE2A4514114}
		{BBD1FF34-E4B6-45A0-AF67-EEB188AE1957} = {5152BD62-9343-41C1-A008-0AE2A4514114}
		{7F7E5A58-900D-4E1A-AE01-EEB57EB51CD6} = {BBD1FF34-E4B6-45A0-AF67-EEB188AE1957}
		{AF2BC9AC-10CB-43F0-80FC-36C72C791B25} = {BBD1FF34-E4B6-45A0-AF67-EEB188AE1957}
		{08DFF86B-19D7-4EDD-9A48-C8348D02D838} = {5152BD62-9343-41C1-A008-0AE2A4514114}
		{C3FB25FD-61EE-4C59-92E4-E1872BBB4E3D} = {08DFF86B-19D7-4EDD-9A48-C8348D02D838}
		{6060707A-4D2F-45EA-B26F-B3F69A92252F} = {08DFF86B-19D7-4EDD-9A48-C8348D02D838}
		{FBD5CA88-0DFC-4D26-9662-82E84A1620B5} = {269CB137-AECD-412D-A16A-D27848560584}
		{D91FDA76-BD2C-43BD-9CCB-62CB1BE80BFB} = {5152BD62-9343-41C1-A008-0AE2A4514114}
		{350010B5-E1DC-467D-ADEC-086A0C6376FA} = {5152BD62-9343-41C1-A008-0AE2A4514114}
		{8718E108-9CDD-4316-8E9F-DC1027FE456D} = {269CB137-AECD-412D-A16A-D27848560584}
	EndGlobalSection
	GlobalSection(ExtensibilityGlobals) = postSolution
		SolutionGuid = {C52BB408-AB63-48E0-82B6-65ECE2C9ECD1}
	EndGlobalSection
EndGlobal
